{
  "name": "@http-native/core",
  "version": "0.0.2",
  "lockfileVersion": 3,
  "requires": true,
  "packages": {
    "": {
      "name": "@http-native/core",
      "version": "0.0.2",
      "dependencies": {
        "@http-native/core": "^0.0.1"
      }
    },
    "node_modules/@http-native/core": {
      "version": "0.0.1",
      "resolved": "https://registry.npmjs.org/@http-native/core/-/core-0.0.1.tgz",
      "integrity": "sha512-NGdf6gxui1gtcQJ86zSAwuCRMUsIr5C7BBdkD/8SWDP2NJ90cGboOvM6zH3S+QZlKmkKYFmfSBKRspTioKM9Xw=="
    }
  }
}
